// !$*UTF8*$!
{
	archiveVersion = 1;
	classes = {
	};
	objectVersion = 46;
	objects = {

/* Begin PBXBuildFile section */
		3552D6841EB5119C002E5293 /* SearchMovieView.swift in Sources */ = {isa = PBXBuildFile; fileRef = 3552D6831EB5119C002E5293 /* SearchMovieView.swift */; };
		3552D6861EB51212002E5293 /* SearchMovieView.xib in Resources */ = {isa = PBXBuildFile; fileRef = 3552D6851EB51212002E5293 /* SearchMovieView.xib */; };
		3552D68C1EB53CA4002E5293 /* Movie.swift in Sources */ = {isa = PBXBuildFile; fileRef = 3552D68B1EB53CA4002E5293 /* Movie.swift */; };
		3552D68E1EB57A92002E5293 /* Colors.swift in Sources */ = {isa = PBXBuildFile; fileRef = 3552D68D1EB57A92002E5293 /* Colors.swift */; };
		35D372901EB507F100507C66 /* AppDelegate.swift in Sources */ = {isa = PBXBuildFile; fileRef = 35D3728F1EB507F100507C66 /* AppDelegate.swift */; };
		35D372921EB507F100507C66 /* SearchViewController.swift in Sources */ = {isa = PBXBuildFile; fileRef = 35D372911EB507F100507C66 /* SearchViewController.swift */; };
		35D372951EB507F100507C66 /* Main.storyboard in Resources */ = {isa = PBXBuildFile; fileRef = 35D372931EB507F100507C66 /* Main.storyboard */; };
		35D372971EB507F100507C66 /* Assets.xcassets in Resources */ = {isa = PBXBuildFile; fileRef = 35D372961EB507F100507C66 /* Assets.xcassets */; };
		35D3729A1EB507F100507C66 /* LaunchScreen.storyboard in Resources */ = {isa = PBXBuildFile; fileRef = 35D372981EB507F100507C66 /* LaunchScreen.storyboard */; };
		35D372A51EB507F100507C66 /* MoviesTests.swift in Sources */ = {isa = PBXBuildFile; fileRef = 35D372A41EB507F100507C66 /* MoviesTests.swift */; };
		35D372B01EB507F100507C66 /* MoviesUITests.swift in Sources */ = {isa = PBXBuildFile; fileRef = 35D372AF1EB507F100507C66 /* MoviesUITests.swift */; };
/* End PBXBuildFile section */

/* Begin PBXContainerItemProxy section */
		35D372A11EB507F100507C66 /* PBXContainerItemProxy */ = {
			isa = PBXContainerItemProxy;
			containerPortal = 35D372841EB507F100507C66 /* Project object */;
			proxyType = 1;
			remoteGlobalIDString = 35D3728B1EB507F100507C66;
			remoteInfo = Movies;
		};
		35D372AC1EB507F100507C66 /* PBXContainerItemProxy */ = {
			isa = PBXContainerItemProxy;
			containerPortal = 35D372841EB507F100507C66 /* Project object */;
			proxyType = 1;
			remoteGlobalIDString = 35D3728B1EB507F100507C66;
			remoteInfo = Movies;
		};
/* End PBXContainerItemProxy section */

/* Begin PBXFileReference section */
		3552D6831EB5119C002E5293 /* SearchMovieView.swift */ = {isa = PBXFileReference; fileEncoding = 4; lastKnownFileType = sourcecode.swift; path = SearchMovieView.swift; sourceTree = "<group>"; };
		3552D6851EB51212002E5293 /* SearchMovieView.xib */ = {isa = PBXFileReference; fileEncoding = 4; lastKnownFileType = file.xib; path = SearchMovieView.xib; sourceTree = "<group>"; };
		3552D68B1EB53CA4002E5293 /* Movie.swift */ = {isa = PBXFileReference; fileEncoding = 4; lastKnownFileType = sourcecode.swift; path = Movie.swift; sourceTree = "<group>"; };
		3552D68D1EB57A92002E5293 /* Colors.swift */ = {isa = PBXFileReference; fileEncoding = 4; lastKnownFileType = sourcecode.swift; path = Colors.swift; sourceTree = "<group>"; };
		35D3728C1EB507F100507C66 /* Movies.app */ = {isa = PBXFileReference; explicitFileType = wrapper.application; includeInIndex = 0; path = Movies.app; sourceTree = BUILT_PRODUCTS_DIR; };
		35D3728F1EB507F100507C66 /* AppDelegate.swift */ = {isa = PBXFileReference; lastKnownFileType = sourcecode.swift; path = AppDelegate.swift; sourceTree = "<group>"; };
		35D372911EB507F100507C66 /* SearchViewController.swift */ = {isa = PBXFileReference; lastKnownFileType = sourcecode.swift; path = SearchViewController.swift; sourceTree = "<group>"; };
		35D372941EB507F100507C66 /* Base */ = {isa = PBXFileReference; lastKnownFileType = file.storyboard; name = Base; path = Base.lproj/Main.storyboard; sourceTree = "<group>"; };
		35D372961EB507F100507C66 /* Assets.xcassets */ = {isa = PBXFileReference; lastKnownFileType = folder.assetcatalog; path = Assets.xcassets; sourceTree = "<group>"; };
		35D372991EB507F100507C66 /* Base */ = {isa = PBXFileReference; lastKnownFileType = file.storyboard; name = Base; path = Base.lproj/LaunchScreen.storyboard; sourceTree = "<group>"; };
		35D3729B1EB507F100507C66 /* Info.plist */ = {isa = PBXFileReference; lastKnownFileType = text.plist.xml; path = Info.plist; sourceTree = "<group>"; };
		35D372A01EB507F100507C66 /* MoviesTests.xctest */ = {isa = PBXFileReference; explicitFileType = wrapper.cfbundle; includeInIndex = 0; path = MoviesTests.xctest; sourceTree = BUILT_PRODUCTS_DIR; };
		35D372A41EB507F100507C66 /* MoviesTests.swift */ = {isa = PBXFileReference; lastKnownFileType = sourcecode.swift; path = MoviesTests.swift; sourceTree = "<group>"; };
		35D372A61EB507F100507C66 /* Info.plist */ = {isa = PBXFileReference; lastKnownFileType = text.plist.xml; path = Info.plist; sourceTree = "<group>"; };
		35D372AB1EB507F100507C66 /* MoviesUITests.xctest */ = {isa = PBXFileReference; explicitFileType = wrapper.cfbundle; includeInIndex = 0; path = MoviesUITests.xctest; sourceTree = BUILT_PRODUCTS_DIR; };
		35D372AF1EB507F100507C66 /* MoviesUITests.swift */ = {isa = PBXFileReference; lastKnownFileType = sourcecode.swift; path = MoviesUITests.swift; sourceTree = "<group>"; };
		35D372B11EB507F100507C66 /* Info.plist */ = {isa = PBXFileReference; lastKnownFileType = text.plist.xml; path = Info.plist; sourceTree = "<group>"; };
/* End PBXFileReference section */

/* Begin PBXFrameworksBuildPhase section */
		35D372891EB507F100507C66 /* Frameworks */ = {
			isa = PBXFrameworksBuildPhase;
			buildActionMask = 2147483647;
			files = (
			);
			runOnlyForDeploymentPostprocessing = 0;
		};
		35D3729D1EB507F100507C66 /* Frameworks */ = {
			isa = PBXFrameworksBuildPhase;
			buildActionMask = 2147483647;
			files = (
			);
			runOnlyForDeploymentPostprocessing = 0;
		};
		35D372A81EB507F100507C66 /* Frameworks */ = {
			isa = PBXFrameworksBuildPhase;
			buildActionMask = 2147483647;
			files = (
			);
			runOnlyForDeploymentPostprocessing = 0;
		};
/* End PBXFrameworksBuildPhase section */

/* Begin PBXGroup section */
		3552D68A1EB53A0E002E5293 /* Supporting Files */ = {
			isa = PBXGroup;
			children = (
				35D3728F1EB507F100507C66 /* AppDelegate.swift */,
				35D372961EB507F100507C66 /* Assets.xcassets */,
				35D372981EB507F100507C66 /* LaunchScreen.storyboard */,
				35D3729B1EB507F100507C66 /* Info.plist */,
			);
			name = "Supporting Files";
			sourceTree = "<group>";
		};
		35D372831EB507F100507C66 = {
			isa = PBXGroup;
			children = (
				35D3728E1EB507F100507C66 /* Movies */,
				35D372A31EB507F100507C66 /* MoviesTests */,
				35D372AE1EB507F100507C66 /* MoviesUITests */,
				35D3728D1EB507F100507C66 /* Products */,
			);
			sourceTree = "<group>";
		};
		35D3728D1EB507F100507C66 /* Products */ = {
			isa = PBXGroup;
			children = (
				35D3728C1EB507F100507C66 /* Movies.app */,
				35D372A01EB507F100507C66 /* MoviesTests.xctest */,
				35D372AB1EB507F100507C66 /* MoviesUITests.xctest */,
			);
			name = Products;
			sourceTree = "<group>";
		};
		35D3728E1EB507F100507C66 /* Movies */ = {
			isa = PBXGroup;
			children = (
				3552D68A1EB53A0E002E5293 /* Supporting Files */,
				35D372911EB507F100507C66 /* SearchViewController.swift */,
				3552D6831EB5119C002E5293 /* SearchMovieView.swift */,
				3552D68B1EB53CA4002E5293 /* Movie.swift */,
				3552D68D1EB57A92002E5293 /* Colors.swift */,
				3552D6851EB51212002E5293 /* SearchMovieView.xib */,
				35D372931EB507F100507C66 /* Main.storyboard */,
			);
			path = Movies;
			sourceTree = "<group>";
		};
		35D372A31EB507F100507C66 /* MoviesTests */ = {
			isa = PBXGroup;
			children = (
				35D372A41EB507F100507C66 /* MoviesTests.swift */,
				35D372A61EB507F100507C66 /* Info.plist */,
			);
			path = MoviesTests;
			sourceTree = "<group>";
		};
		35D372AE1EB507F100507C66 /* MoviesUITests */ = {
			isa = PBXGroup;
			children = (
				35D372AF1EB507F100507C66 /* MoviesUITests.swift */,
				35D372B11EB507F100507C66 /* Info.plist */,
			);
			path = MoviesUITests;
			sourceTree = "<group>";
		};
/* End PBXGroup section */

/* Begin PBXNativeTarget section */
		35D3728B1EB507F100507C66 /* Movies */ = {
			isa = PBXNativeTarget;
			buildConfigurationList = 35D372B41EB507F100507C66 /* Build configuration list for PBXNativeTarget "Movies" */;
			buildPhases = (
				35D372881EB507F100507C66 /* Sources */,
				35D372891EB507F100507C66 /* Frameworks */,
				35D3728A1EB507F100507C66 /* Resources */,
			);
			buildRules = (
			);
			dependencies = (
			);
			name = Movies;
			productName = Movies;
			productReference = 35D3728C1EB507F100507C66 /* Movies.app */;
			productType = "com.apple.product-type.application";
		};
		35D3729F1EB507F100507C66 /* MoviesTests */ = {
			isa = PBXNativeTarget;
			buildConfigurationList = 35D372B71EB507F100507C66 /* Build configuration list for PBXNativeTarget "MoviesTests" */;
			buildPhases = (
				35D3729C1EB507F100507C66 /* Sources */,
				35D3729D1EB507F100507C66 /* Frameworks */,
				35D3729E1EB507F100507C66 /* Resources */,
			);
			buildRules = (
			);
			dependencies = (
				35D372A21EB507F100507C66 /* PBXTargetDependency */,
			);
			name = MoviesTests;
			productName = MoviesTests;
			productReference = 35D372A01EB507F100507C66 /* MoviesTests.xctest */;
			productType = "com.apple.product-type.bundle.unit-test";
		};
		35D372AA1EB507F100507C66 /* MoviesUITests */ = {
			isa = PBXNativeTarget;
			buildConfigurationList = 35D372BA1EB507F100507C66 /* Build configuration list for PBXNativeTarget "MoviesUITests" */;
			buildPhases = (
				35D372A71EB507F100507C66 /* Sources */,
				35D372A81EB507F100507C66 /* Frameworks */,
				35D372A91EB507F100507C66 /* Resources */,
			);
			buildRules = (
			);
			dependencies = (
				35D372AD1EB507F100507C66 /* PBXTargetDependency */,
			);
			name = MoviesUITests;
			productName = MoviesUITests;
			productReference = 35D372AB1EB507F100507C66 /* MoviesUITests.xctest */;
			productType = "com.apple.product-type.bundle.ui-testing";
		};
/* End PBXNativeTarget section */

/* Begin PBXProject section */
		35D372841EB507F100507C66 /* Project object */ = {
			isa = PBXProject;
			attributes = {
				LastSwiftUpdateCheck = 0830;
				LastUpgradeCheck = 0830;
				ORGANIZATIONNAME = "Dane Jordan";
				TargetAttributes = {
					35D3728B1EB507F100507C66 = {
						CreatedOnToolsVersion = 8.3.2;
						ProvisioningStyle = Automatic;
					};
					35D3729F1EB507F100507C66 = {
						CreatedOnToolsVersion = 8.3.2;
						ProvisioningStyle = Automatic;
						TestTargetID = 35D3728B1EB507F100507C66;
					};
					35D372AA1EB507F100507C66 = {
						CreatedOnToolsVersion = 8.3.2;
						ProvisioningStyle = Automatic;
						TestTargetID = 35D3728B1EB507F100507C66;
					};
				};
			};
			buildConfigurationList = 35D372871EB507F100507C66 /* Build configuration list for PBXProject "Movies" */;
			compatibilityVersion = "Xcode 3.2";
			developmentRegion = English;
			hasScannedForEncodings = 0;
			knownRegions = (
				en,
				Base,
			);
			mainGroup = 35D372831EB507F100507C66;
			productRefGroup = 35D3728D1EB507F100507C66 /* Products */;
			projectDirPath = "";
			projectRoot = "";
			targets = (
				35D3728B1EB507F100507C66 /* Movies */,
				35D3729F1EB507F100507C66 /* MoviesTests */,
				35D372AA1EB507F100507C66 /* MoviesUITests */,
			);
		};
/* End PBXProject section */

/* Begin PBXResourcesBuildPhase section */
		35D3728A1EB507F100507C66 /* Resources */ = {
			isa = PBXResourcesBuildPhase;
			buildActionMask = 2147483647;
			files = (
				35D3729A1EB507F100507C66 /* LaunchScreen.storyboard in Resources */,
				3552D6861EB51212002E5293 /* SearchMovieView.xib in Resources */,
				35D372971EB507F100507C66 /* Assets.xcassets in Resources */,
				35D372951EB507F100507C66 /* Main.storyboard in Resources */,
			);
			runOnlyForDeploymentPostprocessing = 0;
		};
		35D3729E1EB507F100507C66 /* Resources */ = {
			isa = PBXResourcesBuildPhase;
			buildActionMask = 2147483647;
			files = (
			);
			runOnlyForDeploymentPostprocessing = 0;
		};
		35D372A91EB507F100507C66 /* Resources */ = {
			isa = PBXResourcesBuildPhase;
			buildActionMask = 2147483647;
			files = (
			);
			runOnlyForDeploymentPostprocessing = 0;
		};
/* End PBXResourcesBuildPhase section */

/* Begin PBXSourcesBuildPhase section */
		35D372881EB507F100507C66 /* Sources */ = {
			isa = PBXSourcesBuildPhase;
			buildActionMask = 2147483647;
			files = (
				35D372921EB507F100507C66 /* SearchViewController.swift in Sources */,
				3552D68E1EB57A92002E5293 /* Colors.swift in Sources */,
				35D372901EB507F100507C66 /* AppDelegate.swift in Sources */,
				3552D68C1EB53CA4002E5293 /* Movie.swift in Sources */,
				3552D6841EB5119C002E5293 /* SearchMovieView.swift in Sources */,
			);
			runOnlyForDeploymentPostprocessing = 0;
		};
		35D3729C1EB507F100507C66 /* Sources */ = {
			isa = PBXSourcesBuildPhase;
			buildActionMask = 2147483647;
			files = (
				35D372A51EB507F100507C66 /* MoviesTests.swift in Sources */,
			);
			runOnlyForDeploymentPostprocessing = 0;
		};
		35D372A71EB507F100507C66 /* Sources */ = {
			isa = PBXSourcesBuildPhase;
			buildActionMask = 2147483647;
			files = (
				35D372B01EB507F100507C66 /* MoviesUITests.swift in Sources */,
			);
			runOnlyForDeploymentPostprocessing = 0;
		};
/* End PBXSourcesBuildPhase section */

/* Begin PBXTargetDependency section */
		35D372A21EB507F100507C66 /* PBXTargetDependency */ = {
			isa = PBXTargetDependency;
			target = 35D3728B1EB507F100507C66 /* Movies */;
			targetProxy = 35D372A11EB507F100507C66 /* PBXContainerItemProxy */;
		};
		35D372AD1EB507F100507C66 /* PBXTargetDependency */ = {
			isa = PBXTargetDependency;
			target = 35D3728B1EB507F100507C66 /* Movies */;
			targetProxy = 35D372AC1EB507F100507C66 /* PBXContainerItemProxy */;
		};
/* End PBXTargetDependency section */

/* Begin PBXVariantGroup section */
		35D372931EB507F100507C66 /* Main.storyboard */ = {
			isa = PBXVariantGroup;
			children = (
				35D372941EB507F100507C66 /* Base */,
			);
			name = Main.storyboard;
			sourceTree = "<group>";
		};
		35D372981EB507F100507C66 /* LaunchScreen.storyboard */ = {
			isa = PBXVariantGroup;
			children = (
				35D372991EB507F100507C66 /* Base */,
			);
			name = LaunchScreen.storyboard;
			sourceTree = "<group>";
		};
/* End PBXVariantGroup section */

/* Begin XCBuildConfiguration section */
		35D372B21EB507F100507C66 /* Debug */ = {
			isa = XCBuildConfiguration;
			buildSettings = {
				ALWAYS_SEARCH_USER_PATHS = NO;
				CLANG_ANALYZER_NONNULL = YES;
				CLANG_ANALYZER_NUMBER_OBJECT_CONVERSION = YES_AGGRESSIVE;
				CLANG_CXX_LANGUAGE_STANDARD = "gnu++0x";
				CLANG_CXX_LIBRARY = "libc++";
				CLANG_ENABLE_MODULES = YES;
				CLANG_ENABLE_OBJC_ARC = YES;
				CLANG_WARN_BOOL_CONVERSION = YES;
				CLANG_WARN_CONSTANT_CONVERSION = YES;
				CLANG_WARN_DIRECT_OBJC_ISA_USAGE = YES_ERROR;
				CLANG_WARN_DOCUMENTATION_COMMENTS = YES;
				CLANG_WARN_EMPTY_BODY = YES;
				CLANG_WARN_ENUM_CONVERSION = YES;
				CLANG_WARN_INFINITE_RECURSION = YES;
				CLANG_WARN_INT_CONVERSION = YES;
				CLANG_WARN_OBJC_ROOT_CLASS = YES_ERROR;
				CLANG_WARN_SUSPICIOUS_MOVE = YES;
				CLANG_WARN_UNREACHABLE_CODE = YES;
				CLANG_WARN__DUPLICATE_METHOD_MATCH = YES;
				"CODE_SIGN_IDENTITY[sdk=iphoneos*]" = "iPhone Developer";
				COPY_PHASE_STRIP = NO;
				DEBUG_INFORMATION_FORMAT = dwarf;
				ENABLE_STRICT_OBJC_MSGSEND = YES;
				ENABLE_TESTABILITY = YES;
				GCC_C_LANGUAGE_STANDARD = gnu99;
				GCC_DYNAMIC_NO_PIC = NO;
				GCC_NO_COMMON_BLOCKS = YES;
				GCC_OPTIMIZATION_LEVEL = 0;
				GCC_PREPROCESSOR_DEFINITIONS = (
					"DEBUG=1",
					"$(inherited)",
				);
				GCC_WARN_64_TO_32_BIT_CONVERSION = YES;
				GCC_WARN_ABOUT_RETURN_TYPE = YES_ERROR;
				GCC_WARN_UNDECLARED_SELECTOR = YES;
				GCC_WARN_UNINITIALIZED_AUTOS = YES_AGGRESSIVE;
				GCC_WARN_UNUSED_FUNCTION = YES;
				GCC_WARN_UNUSED_VARIABLE = YES;
				IPHONEOS_DEPLOYMENT_TARGET = 10.3;
				MTL_ENABLE_DEBUG_INFO = YES;
				ONLY_ACTIVE_ARCH = YES;
				SDKROOT = iphoneos;
				SWIFT_ACTIVE_COMPILATION_CONDITIONS = DEBUG;
				SWIFT_OPTIMIZATION_LEVEL = "-Onone";
				TARGETED_DEVICE_FAMILY = "1,2";
			};
			name = Debug;
		};
		35D372B31EB507F100507C66 /* Release */ = {
			isa = XCBuildConfiguration;
			buildSettings = {
				ALWAYS_SEARCH_USER_PATHS = NO;
				CLANG_ANALYZER_NONNULL = YES;
				CLANG_ANALYZER_NUMBER_OBJECT_CONVERSION = YES_AGGRESSIVE;
				CLANG_CXX_LANGUAGE_STANDARD = "gnu++0x";
				CLANG_CXX_LIBRARY = "libc++";
				CLANG_ENABLE_MODULES = YES;
				CLANG_ENABLE_OBJC_ARC = YES;
				CLANG_WARN_BOOL_CONVERSION = YES;
				CLANG_WARN_CONSTANT_CONVERSION = YES;
				CLANG_WARN_DIRECT_OBJC_ISA_USAGE = YES_ERROR;
				CLANG_WARN_DOCUMENTATION_COMMENTS = YES;
				CLANG_WARN_EMPTY_BODY = YES;
				CLANG_WARN_ENUM_CONVERSION = YES;
				CLANG_WARN_INFINITE_RECURSION = YES;
				CLANG_WARN_INT_CONVERSION = YES;
				CLANG_WARN_OBJC_ROOT_CLASS = YES_ERROR;
				CLANG_WARN_SUSPICIOUS_MOVE = YES;
				CLANG_WARN_UNREACHABLE_CODE = YES;
				CLANG_WARN__DUPLICATE_METHOD_MATCH = YES;
				"CODE_SIGN_IDENTITY[sdk=iphoneos*]" = "iPhone Developer";
				COPY_PHASE_STRIP = NO;
				DEBUG_INFORMATION_FORMAT = "dwarf-with-dsym";
				ENABLE_NS_ASSERTIONS = NO;
				ENABLE_STRICT_OBJC_MSGSEND = YES;
				GCC_C_LANGUAGE_STANDARD = gnu99;
				GCC_NO_COMMON_BLOCKS = YES;
				GCC_WARN_64_TO_32_BIT_CONVERSION = YES;
				GCC_WARN_ABOUT_RETURN_TYPE = YES_ERROR;
				GCC_WARN_UNDECLARED_SELECTOR = YES;
				GCC_WARN_UNINITIALIZED_AUTOS = YES_AGGRESSIVE;
				GCC_WARN_UNUSED_FUNCTION = YES;
				GCC_WARN_UNUSED_VARIABLE = YES;
				IPHONEOS_DEPLOYMENT_TARGET = 10.3;
				MTL_ENABLE_DEBUG_INFO = NO;
				SDKROOT = iphoneos;
				SWIFT_OPTIMIZATION_LEVEL = "-Owholemodule";
				TARGETED_DEVICE_FAMILY = "1,2";
				VALIDATE_PRODUCT = YES;
			};
			name = Release;
		};
		35D372B51EB507F100507C66 /* Debug */ = {
			isa = XCBuildConfiguration;
			buildSettings = {
				ASSETCATALOG_COMPILER_APPICON_NAME = AppIcon;
				INFOPLIST_FILE = Movies/Info.plist;
				LD_RUNPATH_SEARCH_PATHS = "$(inherited) @executable_path/Frameworks";
				PRODUCT_BUNDLE_IDENTIFIER = me.Movies;
				PRODUCT_NAME = "$(TARGET_NAME)";
				SWIFT_VERSION = 3.0;
			};
			name = Debug;
		};
		35D372B61EB507F100507C66 /* Release */ = {
			isa = XCBuildConfiguration;
			buildSettings = {
				ASSETCATALOG_COMPILER_APPICON_NAME = AppIcon;
				INFOPLIST_FILE = Movies/Info.plist;
				LD_RUNPATH_SEARCH_PATHS = "$(inherited) @executable_path/Frameworks";
				PRODUCT_BUNDLE_IDENTIFIER = me.Movies;
				PRODUCT_NAME = "$(TARGET_NAME)";
				SWIFT_VERSION = 3.0;
			};
			name = Release;
		};
		35D372B81EB507F100507C66 /* Debug */ = {
			isa = XCBuildConfiguration;
			buildSettings = {
				ALWAYS_EMBED_SWIFT_STANDARD_LIBRARIES = YES;
				BUNDLE_LOADER = "$(TEST_HOST)";
				INFOPLIST_FILE = MoviesTests/Info.plist;
				LD_RUNPATH_SEARCH_PATHS = "$(inherited) @executable_path/Frameworks @loader_path/Frameworks";
				PRODUCT_BUNDLE_IDENTIFIER = me.MoviesTests;
				PRODUCT_NAME = "$(TARGET_NAME)";
				SWIFT_VERSION = 3.0;
				TEST_HOST = "$(BUILT_PRODUCTS_DIR)/Movies.app/Movies";
			};
			name = Debug;
		};
		35D372B91EB507F100507C66 /* Release */ = {
			isa = XCBuildConfiguration;
			buildSettings = {
				ALWAYS_EMBED_SWIFT_STANDARD_LIBRARIES = YES;
				BUNDLE_LOADER = "$(TEST_HOST)";
				INFOPLIST_FILE = MoviesTests/Info.plist;
				LD_RUNPATH_SEARCH_PATHS = "$(inherited) @executable_path/Frameworks @loader_path/Frameworks";
				PRODUCT_BUNDLE_IDENTIFIER = me.MoviesTests;
				PRODUCT_NAME = "$(TARGET_NAME)";
				SWIFT_VERSION = 3.0;
				TEST_HOST = "$(BUILT_PRODUCTS_DIR)/Movies.app/Movies";
			};
			name = Release;
		};
		35D372BB1EB507F100507C66 /* Debug */ = {
			isa = XCBuildConfiguration;
			buildSettings = {
				ALWAYS_EMBED_SWIFT_STANDARD_LIBRARIES = YES;
				INFOPLIST_FILE = MoviesUITests/Info.plist;
				LD_RUNPATH_SEARCH_PATHS = "$(inherited) @executable_path/Frameworks @loader_path/Frameworks";
				PRODUCT_BUNDLE_IDENTIFIER = me.MoviesUITests;
				PRODUCT_NAME = "$(TARGET_NAME)";
				SWIFT_VERSION = 3.0;
				TEST_TARGET_NAME = Movies;
			};
			name = Debug;
		};
		35D372BC1EB507F100507C66 /* Release */ = {
			isa = XCBuildConfiguration;
			buildSettings = {
				ALWAYS_EMBED_SWIFT_STANDARD_LIBRARIES = YES;
				INFOPLIST_FILE = MoviesUITests/Info.plist;
				LD_RUNPATH_SEARCH_PATHS = "$(inherited) @executable_path/Frameworks @loader_path/Frameworks";
				PRODUCT_BUNDLE_IDENTIFIER = me.MoviesUITests;
				PRODUCT_NAME = "$(TARGET_NAME)";
				SWIFT_VERSION = 3.0;
				TEST_TARGET_NAME = Movies;
			};
			name = Release;
		};
/* End XCBuildConfiguration section */

/* Begin XCConfigurationList section */
		35D372871EB507F100507C66 /* Build configuration list for PBXProject "Movies" */ = {
			isa = XCConfigurationList;
			buildConfigurations = (
				35D372B21EB507F100507C66 /* Debug */,
				35D372B31EB507F100507C66 /* Release */,
			);
			defaultConfigurationIsVisible = 0;
			defaultConfigurationName = Release;
		};
		35D372B41EB507F100507C66 /* Build configuration list for PBXNativeTarget "Movies" */ = {
			isa = XCConfigurationList;
			buildConfigurations = (
				35D372B51EB507F100507C66 /* Debug */,
				35D372B61EB507F100507C66 /* Release */,
			);
			defaultConfigurationIsVisible = 0;
			defaultConfigurationName = Release;
		};
		35D372B71EB507F100507C66 /* Build configuration list for PBXNativeTarget "MoviesTests" */ = {
			isa = XCConfigurationList;
			buildConfigurations = (
				35D372B81EB507F100507C66 /* Debug */,
				35D372B91EB507F100507C66 /* Release */,
			);
			defaultConfigurationIsVisible = 0;
			defaultConfigurationName = Release;
		};
		35D372BA1EB507F100507C66 /* Build configuration list for PBXNativeTarget "MoviesUITests" */ = {
			isa = XCConfigurationList;
			buildConfigurations = (
				35D372BB1EB507F100507C66 /* Debug */,
				35D372BC1EB507F100507C66 /* Release */,
			);
			defaultConfigurationIsVisible = 0;
			defaultConfigurationName = Release;
		};
/* End XCConfigurationList section */
	};
	rootObject = 35D372841EB507F100507C66 /* Project object */;
}
